{
  "name": "demo",
  "version": "1.0.0",
  "lockfileVersion": 1,
  "requires": true,
  "dependencies": {
    "async-call-rpc": {
      "version": "1.0.4",
      "resolved": "https://registry.npmjs.org/async-call-rpc/-/async-call-rpc-1.0.4.tgz",
      "integrity": "sha512-dsLSfuF+n1GmgsL5Y+uGCkd+/wYZtHObKPxUncEoJ05bb1Lk3wUlU4ppTXL5sBsRuIXPEUxEdb6w86d0u59udg=="
    },
    "lodash-es": {
      "version": "4.17.15",
      "resolved": "https://registry.npmjs.org/lodash-es/-/lodash-es-4.17.15.tgz",
      "integrity": "sha512-rlrc3yU3+JNOpZ9zj5pQtxnx2THmvRykwL4Xlxoa8I9lHBlVbbyPhgyPMioxVZ4NqyxaVVtaJnzsyOidQIhyyQ=="
    }
  }
}
